// !$*UTF8*$!
{
	archiveVersion = 1;
	classes = {
	};
	objectVersion = 50;
	objects = {

/* Begin PBXBuildFile section */
		1E123FE0858F429AD7B1079A /* Pods_MyOrders.framework in Frameworks */ = {isa = PBXBuildFile; fileRef = F6F1B91989FD00BAA50CD38B /* Pods_MyOrders.framework */; };
		2417106B2122118D001895E8 /* OrdersViewController.swift in Sources */ = {isa = PBXBuildFile; fileRef = 2417106A2122118D001895E8 /* OrdersViewController.swift */; };
		2417106D21221DCD001895E8 /* OrdersPresenter.swift in Sources */ = {isa = PBXBuildFile; fileRef = 2417106C21221DCD001895E8 /* OrdersPresenter.swift */; };
		2417106F21221DE4001895E8 /* OrdersInteractor.swift in Sources */ = {isa = PBXBuildFile; fileRef = 2417106E21221DE4001895E8 /* OrdersInteractor.swift */; };
		2417107321227BF6001895E8 /* OrderTableCell.swift in Sources */ = {isa = PBXBuildFile; fileRef = 2417107121227BF6001895E8 /* OrderTableCell.swift */; };
		2417107421227BF6001895E8 /* OrderTableCell.xib in Resources */ = {isa = PBXBuildFile; fileRef = 2417107221227BF6001895E8 /* OrderTableCell.xib */; };
		241710772123158E001895E8 /* OrderHeaderCell.swift in Sources */ = {isa = PBXBuildFile; fileRef = 241710752123158E001895E8 /* OrderHeaderCell.swift */; };
		241710782123158E001895E8 /* OrderHeaderCell.xib in Resources */ = {isa = PBXBuildFile; fileRef = 241710762123158E001895E8 /* OrderHeaderCell.xib */; };
		24419C0A210F60E300517B5D /* AppDelegate.swift in Sources */ = {isa = PBXBuildFile; fileRef = 24419C09210F60E300517B5D /* AppDelegate.swift */; };
		24419C52210F633700517B5D /* MenuServices.swift in Sources */ = {isa = PBXBuildFile; fileRef = 24419C1E210F633600517B5D /* MenuServices.swift */; };
		24419C53210F633700517B5D /* BaseServices.swift in Sources */ = {isa = PBXBuildFile; fileRef = 24419C1F210F633600517B5D /* BaseServices.swift */; };
		24419C54210F633700517B5D /* DashboardInteractor.swift in Sources */ = {isa = PBXBuildFile; fileRef = 24419C25210F633600517B5D /* DashboardInteractor.swift */; };
		24419C55210F633700517B5D /* DashboardViewController.swift in Sources */ = {isa = PBXBuildFile; fileRef = 24419C26210F633600517B5D /* DashboardViewController.swift */; };
		24419C56210F633700517B5D /* DashboardPresenter.swift in Sources */ = {isa = PBXBuildFile; fileRef = 24419C27210F633600517B5D /* DashboardPresenter.swift */; };
		24419C57210F633700517B5D /* EatInViewController.swift in Sources */ = {isa = PBXBuildFile; fileRef = 24419C29210F633600517B5D /* EatInViewController.swift */; };
		24419C58210F633700517B5D /* SignInPresenter.swift in Sources */ = {isa = PBXBuildFile; fileRef = 24419C2B210F633600517B5D /* SignInPresenter.swift */; };
		24419C59210F633700517B5D /* SingInInteractor.swift in Sources */ = {isa = PBXBuildFile; fileRef = 24419C2C210F633600517B5D /* SingInInteractor.swift */; };
		24419C5A210F633700517B5D /* SignInViewController.swift in Sources */ = {isa = PBXBuildFile; fileRef = 24419C2D210F633600517B5D /* SignInViewController.swift */; };
		24419C5B210F633700517B5D /* MenuCollectionCell.xib in Resources */ = {isa = PBXBuildFile; fileRef = 24419C2F210F633600517B5D /* MenuCollectionCell.xib */; };
		24419C5C210F633700517B5D /* MenuPresenter.swift in Sources */ = {isa = PBXBuildFile; fileRef = 24419C30210F633600517B5D /* MenuPresenter.swift */; };
		24419C5D210F633700517B5D /* MenuInteractor.swift in Sources */ = {isa = PBXBuildFile; fileRef = 24419C31210F633600517B5D /* MenuInteractor.swift */; };
		24419C5E210F633700517B5D /* MenuCollectionCell.swift in Sources */ = {isa = PBXBuildFile; fileRef = 24419C32210F633600517B5D /* MenuCollectionCell.swift */; };
		24419C5F210F633700517B5D /* MenuViewController.swift in Sources */ = {isa = PBXBuildFile; fileRef = 24419C33210F633600517B5D /* MenuViewController.swift */; };
		24419C60210F633700517B5D /* BaseViewController.swift in Sources */ = {isa = PBXBuildFile; fileRef = 24419C35210F633600517B5D /* BaseViewController.swift */; };
		24419C61210F633700517B5D /* BaseInteractor.swift in Sources */ = {isa = PBXBuildFile; fileRef = 24419C36210F633600517B5D /* BaseInteractor.swift */; };
		24419C62210F633700517B5D /* BasePresenter.swift in Sources */ = {isa = PBXBuildFile; fileRef = 24419C37210F633600517B5D /* BasePresenter.swift */; };
		24419C63210F633700517B5D /* BaseTextFieldViewController.swift in Sources */ = {isa = PBXBuildFile; fileRef = 24419C38210F633600517B5D /* BaseTextFieldViewController.swift */; };
		24419C64210F633700517B5D /* Credit.swift in Sources */ = {isa = PBXBuildFile; fileRef = 24419C3A210F633600517B5D /* Credit.swift */; };
		24419C65210F633700517B5D /* Order.swift in Sources */ = {isa = PBXBuildFile; fileRef = 24419C3B210F633600517B5D /* Order.swift */; };
		24419C66210F633700517B5D /* Bill.swift in Sources */ = {isa = PBXBuildFile; fileRef = 24419C3C210F633600517B5D /* Bill.swift */; };
		24419C67210F633700517B5D /* Menu.swift in Sources */ = {isa = PBXBuildFile; fileRef = 24419C3D210F633600517B5D /* Menu.swift */; };
		24419C68210F633700517B5D /* Constants.swift in Sources */ = {isa = PBXBuildFile; fileRef = 24419C3F210F633700517B5D /* Constants.swift */; };
		24419C69210F633700517B5D /* StorageManager.swift in Sources */ = {isa = PBXBuildFile; fileRef = 24419C40210F633700517B5D /* StorageManager.swift */; };
		24419C6A210F633700517B5D /* UtilityManager.swift in Sources */ = {isa = PBXBuildFile; fileRef = 24419C41210F633700517B5D /* UtilityManager.swift */; };
		24419C6B210F633700517B5D /* NetworkManager.swift in Sources */ = {isa = PBXBuildFile; fileRef = 24419C42210F633700517B5D /* NetworkManager.swift */; };
		24419C6C210F633700517B5D /* MYLTextField.swift in Sources */ = {isa = PBXBuildFile; fileRef = 24419C44210F633700517B5D /* MYLTextField.swift */; };
		24419C6D210F633700517B5D /* MYLView.swift in Sources */ = {isa = PBXBuildFile; fileRef = 24419C45210F633700517B5D /* MYLView.swift */; };
		24419C6E210F633700517B5D /* MYLString.swift in Sources */ = {isa = PBXBuildFile; fileRef = 24419C46210F633700517B5D /* MYLString.swift */; };
		24419C6F210F633700517B5D /* MYLTextFieldView.swift in Sources */ = {isa = PBXBuildFile; fileRef = 24419C47210F633700517B5D /* MYLTextFieldView.swift */; };
		24419C70210F633700517B5D /* MYLColor.swift in Sources */ = {isa = PBXBuildFile; fileRef = 24419C48210F633700517B5D /* MYLColor.swift */; };
		24419C71210F633700517B5D /* MYLTextFieldView.xib in Resources */ = {isa = PBXBuildFile; fileRef = 24419C49210F633700517B5D /* MYLTextFieldView.xib */; };
		24419C72210F633700517B5D /* Assets.xcassets in Resources */ = {isa = PBXBuildFile; fileRef = 24419C4B210F633700517B5D /* Assets.xcassets */; };
		24419C73210F633700517B5D /* LaunchScreen.storyboard in Resources */ = {isa = PBXBuildFile; fileRef = 24419C4C210F633700517B5D /* LaunchScreen.storyboard */; };
		24419C74210F633700517B5D /* Main.storyboard in Resources */ = {isa = PBXBuildFile; fileRef = 24419C4E210F633700517B5D /* Main.storyboard */; };
		24419C75210F633700517B5D /* MyOrders.xcdatamodeld in Sources */ = {isa = PBXBuildFile; fileRef = 24419C50210F633700517B5D /* MyOrders.xcdatamodeld */; };
		24419C782110E89100517B5D /* SectionHeader.swift in Sources */ = {isa = PBXBuildFile; fileRef = 24419C762110E89100517B5D /* SectionHeader.swift */; };
		24419C792110E89100517B5D /* SectionHeader.xib in Resources */ = {isa = PBXBuildFile; fileRef = 24419C772110E89100517B5D /* SectionHeader.xib */; };
		24419C802111F06E00517B5D /* MenuImageViewController.swift in Sources */ = {isa = PBXBuildFile; fileRef = 24419C7F2111F06E00517B5D /* MenuImageViewController.swift */; };
		24419CAB211E84D200517B5D /* AudioToolbox.framework in Frameworks */ = {isa = PBXBuildFile; fileRef = 24419CAA211E84D200517B5D /* AudioToolbox.framework */; };
		24D92F862127477700F4B973 /* BillViewController.swift in Sources */ = {isa = PBXBuildFile; fileRef = 24D92F852127477700F4B973 /* BillViewController.swift */; };
/* End PBXBuildFile section */

/* Begin PBXFileReference section */
		2417106A2122118D001895E8 /* OrdersViewController.swift */ = {isa = PBXFileReference; lastKnownFileType = sourcecode.swift; path = OrdersViewController.swift; sourceTree = "<group>"; };
		2417106C21221DCD001895E8 /* OrdersPresenter.swift */ = {isa = PBXFileReference; lastKnownFileType = sourcecode.swift; path = OrdersPresenter.swift; sourceTree = "<group>"; };
		2417106E21221DE4001895E8 /* OrdersInteractor.swift */ = {isa = PBXFileReference; lastKnownFileType = sourcecode.swift; path = OrdersInteractor.swift; sourceTree = "<group>"; };
		2417107121227BF6001895E8 /* OrderTableCell.swift */ = {isa = PBXFileReference; lastKnownFileType = sourcecode.swift; path = OrderTableCell.swift; sourceTree = "<group>"; };
		2417107221227BF6001895E8 /* OrderTableCell.xib */ = {isa = PBXFileReference; lastKnownFileType = file.xib; path = OrderTableCell.xib; sourceTree = "<group>"; };
		241710752123158E001895E8 /* OrderHeaderCell.swift */ = {isa = PBXFileReference; lastKnownFileType = sourcecode.swift; path = OrderHeaderCell.swift; sourceTree = "<group>"; };
		241710762123158E001895E8 /* OrderHeaderCell.xib */ = {isa = PBXFileReference; lastKnownFileType = file.xib; path = OrderHeaderCell.xib; sourceTree = "<group>"; };
		24419C06210F60E300517B5D /* MyOrders.app */ = {isa = PBXFileReference; explicitFileType = wrapper.application; includeInIndex = 0; path = MyOrders.app; sourceTree = BUILT_PRODUCTS_DIR; };
		24419C09210F60E300517B5D /* AppDelegate.swift */ = {isa = PBXFileReference; lastKnownFileType = sourcecode.swift; path = AppDelegate.swift; sourceTree = "<group>"; };
		24419C15210F60E400517B5D /* Info.plist */ = {isa = PBXFileReference; lastKnownFileType = text.plist.xml; path = Info.plist; sourceTree = "<group>"; };
		24419C1E210F633600517B5D /* MenuServices.swift */ = {isa = PBXFileReference; fileEncoding = 4; lastKnownFileType = sourcecode.swift; path = MenuServices.swift; sourceTree = "<group>"; };
		24419C1F210F633600517B5D /* BaseServices.swift */ = {isa = PBXFileReference; fileEncoding = 4; lastKnownFileType = sourcecode.swift; path = BaseServices.swift; sourceTree = "<group>"; };
		24419C25210F633600517B5D /* DashboardInteractor.swift */ = {isa = PBXFileReference; fileEncoding = 4; lastKnownFileType = sourcecode.swift; path = DashboardInteractor.swift; sourceTree = "<group>"; };
		24419C26210F633600517B5D /* DashboardViewController.swift */ = {isa = PBXFileReference; fileEncoding = 4; lastKnownFileType = sourcecode.swift; path = DashboardViewController.swift; sourceTree = "<group>"; };
		24419C27210F633600517B5D /* DashboardPresenter.swift */ = {isa = PBXFileReference; fileEncoding = 4; lastKnownFileType = sourcecode.swift; path = DashboardPresenter.swift; sourceTree = "<group>"; };
		24419C29210F633600517B5D /* EatInViewController.swift */ = {isa = PBXFileReference; fileEncoding = 4; lastKnownFileType = sourcecode.swift; path = EatInViewController.swift; sourceTree = "<group>"; };
		24419C2B210F633600517B5D /* SignInPresenter.swift */ = {isa = PBXFileReference; fileEncoding = 4; lastKnownFileType = sourcecode.swift; path = SignInPresenter.swift; sourceTree = "<group>"; };
		24419C2C210F633600517B5D /* SingInInteractor.swift */ = {isa = PBXFileReference; fileEncoding = 4; lastKnownFileType = sourcecode.swift; path = SingInInteractor.swift; sourceTree = "<group>"; };
		24419C2D210F633600517B5D /* SignInViewController.swift */ = {isa = PBXFileReference; fileEncoding = 4; lastKnownFileType = sourcecode.swift; path = SignInViewController.swift; sourceTree = "<group>"; };
		24419C2F210F633600517B5D /* MenuCollectionCell.xib */ = {isa = PBXFileReference; fileEncoding = 4; lastKnownFileType = file.xib; path = MenuCollectionCell.xib; sourceTree = "<group>"; };
		24419C30210F633600517B5D /* MenuPresenter.swift */ = {isa = PBXFileReference; fileEncoding = 4; lastKnownFileType = sourcecode.swift; path = MenuPresenter.swift; sourceTree = "<group>"; };
		24419C31210F633600517B5D /* MenuInteractor.swift */ = {isa = PBXFileReference; fileEncoding = 4; lastKnownFileType = sourcecode.swift; path = MenuInteractor.swift; sourceTree = "<group>"; };
		24419C32210F633600517B5D /* MenuCollectionCell.swift */ = {isa = PBXFileReference; fileEncoding = 4; lastKnownFileType = sourcecode.swift; path = MenuCollectionCell.swift; sourceTree = "<group>"; };
		24419C33210F633600517B5D /* MenuViewController.swift */ = {isa = PBXFileReference; fileEncoding = 4; lastKnownFileType = sourcecode.swift; path = MenuViewController.swift; sourceTree = "<group>"; };
		24419C35210F633600517B5D /* BaseViewController.swift */ = {isa = PBXFileReference; fileEncoding = 4; lastKnownFileType = sourcecode.swift; path = BaseViewController.swift; sourceTree = "<group>"; };
		24419C36210F633600517B5D /* BaseInteractor.swift */ = {isa = PBXFileReference; fileEncoding = 4; lastKnownFileType = sourcecode.swift; path = BaseInteractor.swift; sourceTree = "<group>"; };
		24419C37210F633600517B5D /* BasePresenter.swift */ = {isa = PBXFileReference; fileEncoding = 4; lastKnownFileType = sourcecode.swift; path = BasePresenter.swift; sourceTree = "<group>"; };
		24419C38210F633600517B5D /* BaseTextFieldViewController.swift */ = {isa = PBXFileReference; fileEncoding = 4; lastKnownFileType = sourcecode.swift; path = BaseTextFieldViewController.swift; sourceTree = "<group>"; };
		24419C3A210F633600517B5D /* Credit.swift */ = {isa = PBXFileReference; fileEncoding = 4; lastKnownFileType = sourcecode.swift; path = Credit.swift; sourceTree = "<group>"; };
		24419C3B210F633600517B5D /* Order.swift */ = {isa = PBXFileReference; fileEncoding = 4; lastKnownFileType = sourcecode.swift; path = Order.swift; sourceTree = "<group>"; };
		24419C3C210F633600517B5D /* Bill.swift */ = {isa = PBXFileReference; fileEncoding = 4; lastKnownFileType = sourcecode.swift; path = Bill.swift; sourceTree = "<group>"; };
		24419C3D210F633600517B5D /* Menu.swift */ = {isa = PBXFileReference; fileEncoding = 4; lastKnownFileType = sourcecode.swift; path = Menu.swift; sourceTree = "<group>"; };
		24419C3F210F633700517B5D /* Constants.swift */ = {isa = PBXFileReference; fileEncoding = 4; lastKnownFileType = sourcecode.swift; path = Constants.swift; sourceTree = "<group>"; };
		24419C40210F633700517B5D /* StorageManager.swift */ = {isa = PBXFileReference; fileEncoding = 4; lastKnownFileType = sourcecode.swift; path = StorageManager.swift; sourceTree = "<group>"; };
		24419C41210F633700517B5D /* UtilityManager.swift */ = {isa = PBXFileReference; fileEncoding = 4; lastKnownFileType = sourcecode.swift; path = UtilityManager.swift; sourceTree = "<group>"; };
		24419C42210F633700517B5D /* NetworkManager.swift */ = {isa = PBXFileReference; fileEncoding = 4; lastKnownFileType = sourcecode.swift; path = NetworkManager.swift; sourceTree = "<group>"; };
		24419C44210F633700517B5D /* MYLTextField.swift */ = {isa = PBXFileReference; fileEncoding = 4; lastKnownFileType = sourcecode.swift; path = MYLTextField.swift; sourceTree = "<group>"; };
		24419C45210F633700517B5D /* MYLView.swift */ = {isa = PBXFileReference; fileEncoding = 4; lastKnownFileType = sourcecode.swift; path = MYLView.swift; sourceTree = "<group>"; };
		24419C46210F633700517B5D /* MYLString.swift */ = {isa = PBXFileReference; fileEncoding = 4; lastKnownFileType = sourcecode.swift; path = MYLString.swift; sourceTree = "<group>"; };
		24419C47210F633700517B5D /* MYLTextFieldView.swift */ = {isa = PBXFileReference; fileEncoding = 4; lastKnownFileType = sourcecode.swift; path = MYLTextFieldView.swift; sourceTree = "<group>"; };
		24419C48210F633700517B5D /* MYLColor.swift */ = {isa = PBXFileReference; fileEncoding = 4; lastKnownFileType = sourcecode.swift; path = MYLColor.swift; sourceTree = "<group>"; };
		24419C49210F633700517B5D /* MYLTextFieldView.xib */ = {isa = PBXFileReference; fileEncoding = 4; lastKnownFileType = file.xib; path = MYLTextFieldView.xib; sourceTree = "<group>"; };
		24419C4B210F633700517B5D /* Assets.xcassets */ = {isa = PBXFileReference; lastKnownFileType = folder.assetcatalog; path = Assets.xcassets; sourceTree = "<group>"; };
		24419C4D210F633700517B5D /* Base */ = {isa = PBXFileReference; lastKnownFileType = file.storyboard; name = Base; path = Base.lproj/LaunchScreen.storyboard; sourceTree = "<group>"; };
		24419C4F210F633700517B5D /* Base */ = {isa = PBXFileReference; lastKnownFileType = file.storyboard; name = Base; path = Base.lproj/Main.storyboard; sourceTree = "<group>"; };
		24419C51210F633700517B5D /* MyOrders.xcdatamodel */ = {isa = PBXFileReference; lastKnownFileType = wrapper.xcdatamodel; path = MyOrders.xcdatamodel; sourceTree = "<group>"; };
		24419C762110E89100517B5D /* SectionHeader.swift */ = {isa = PBXFileReference; lastKnownFileType = sourcecode.swift; path = SectionHeader.swift; sourceTree = "<group>"; };
		24419C772110E89100517B5D /* SectionHeader.xib */ = {isa = PBXFileReference; lastKnownFileType = file.xib; path = SectionHeader.xib; sourceTree = "<group>"; };
		24419C7F2111F06E00517B5D /* MenuImageViewController.swift */ = {isa = PBXFileReference; lastKnownFileType = sourcecode.swift; path = MenuImageViewController.swift; sourceTree = "<group>"; };
		24419CAA211E84D200517B5D /* AudioToolbox.framework */ = {isa = PBXFileReference; lastKnownFileType = wrapper.framework; name = AudioToolbox.framework; path = System/Library/Frameworks/AudioToolbox.framework; sourceTree = SDKROOT; };
		24D92F852127477700F4B973 /* BillViewController.swift */ = {isa = PBXFileReference; lastKnownFileType = sourcecode.swift; path = BillViewController.swift; sourceTree = "<group>"; };
		BD725C4175D35B51940C0AE0 /* Pods-MyOrders.debug.xcconfig */ = {isa = PBXFileReference; includeInIndex = 1; lastKnownFileType = text.xcconfig; name = "Pods-MyOrders.debug.xcconfig"; path = "../Pods/Target Support Files/Pods-MyOrders/Pods-MyOrders.debug.xcconfig"; sourceTree = "<group>"; };
		E970EAD61DDE8F7CEF5CC522 /* Pods-MyOrders.release.xcconfig */ = {isa = PBXFileReference; includeInIndex = 1; lastKnownFileType = text.xcconfig; name = "Pods-MyOrders.release.xcconfig"; path = "../Pods/Target Support Files/Pods-MyOrders/Pods-MyOrders.release.xcconfig"; sourceTree = "<group>"; };
		F6F1B91989FD00BAA50CD38B /* Pods_MyOrders.framework */ = {isa = PBXFileReference; explicitFileType = wrapper.framework; includeInIndex = 0; path = Pods_MyOrders.framework; sourceTree = BUILT_PRODUCTS_DIR; };
/* End PBXFileReference section */

/* Begin PBXFrameworksBuildPhase section */
		24419C03210F60E300517B5D /* Frameworks */ = {
			isa = PBXFrameworksBuildPhase;
			buildActionMask = 2147483647;
			files = (
				24419CAB211E84D200517B5D /* AudioToolbox.framework in Frameworks */,
				1E123FE0858F429AD7B1079A /* Pods_MyOrders.framework in Frameworks */,
			);
			runOnlyForDeploymentPostprocessing = 0;
		};
/* End PBXFrameworksBuildPhase section */

/* Begin PBXGroup section */
		2417107021227B32001895E8 /* Views */ = {
			isa = PBXGroup;
			children = (
				2417107121227BF6001895E8 /* OrderTableCell.swift */,
				2417107221227BF6001895E8 /* OrderTableCell.xib */,
				241710752123158E001895E8 /* OrderHeaderCell.swift */,
				241710762123158E001895E8 /* OrderHeaderCell.xib */,
			);
			path = Views;
			sourceTree = "<group>";
		};
		24419BFD210F60E300517B5D = {
			isa = PBXGroup;
			children = (
				24419C08210F60E300517B5D /* MyOrders */,
				24419C07210F60E300517B5D /* Products */,
				75EF9FA236AD8C98BC9C483F /* Pods */,
				A803A4EE0E32F8C71CDACAF5 /* Frameworks */,
			);
			sourceTree = "<group>";
		};
		24419C07210F60E300517B5D /* Products */ = {
			isa = PBXGroup;
			children = (
				24419C06210F60E300517B5D /* MyOrders.app */,
			);
			name = Products;
			sourceTree = "<group>";
		};
		24419C08210F60E300517B5D /* MyOrders */ = {
			isa = PBXGroup;
			children = (
				24419C09210F60E300517B5D /* AppDelegate.swift */,
				24419C15210F60E400517B5D /* Info.plist */,
				24419C3E210F633700517B5D /* Common */,
				24419C39210F633600517B5D /* DataModels */,
				24419C1D210F633600517B5D /* Services */,
				24419C20210F633600517B5D /* Modules */,
				24419C4A210F633700517B5D /* Resouces */,
			);
			path = MyOrders;
			sourceTree = "<group>";
		};
		24419C1D210F633600517B5D /* Services */ = {
			isa = PBXGroup;
			children = (
				24419C1F210F633600517B5D /* BaseServices.swift */,
				24419C1E210F633600517B5D /* MenuServices.swift */,
			);
			path = Services;
			sourceTree = "<group>";
		};
		24419C20210F633600517B5D /* Modules */ = {
			isa = PBXGroup;
			children = (
				24419C34210F633600517B5D /* Base */,
				24419C24210F633600517B5D /* Dashboard */,
				24419C28210F633600517B5D /* EatIn */,
				24419C2E210F633600517B5D /* Menu */,
				24419C21210F633600517B5D /* Order */,
				24419C22210F633600517B5D /* Bill */,
				24419C23210F633600517B5D /* Setup */,
				24419C2A210F633600517B5D /* SignIn */,
			);
			path = Modules;
			sourceTree = "<group>";
		};
		24419C21210F633600517B5D /* Order */ = {
			isa = PBXGroup;
			children = (
				2417107021227B32001895E8 /* Views */,
				2417106A2122118D001895E8 /* OrdersViewController.swift */,
				2417106C21221DCD001895E8 /* OrdersPresenter.swift */,
				2417106E21221DE4001895E8 /* OrdersInteractor.swift */,
			);
			path = Order;
			sourceTree = "<group>";
		};
		24419C22210F633600517B5D /* Bill */ = {
			isa = PBXGroup;
			children = (
				24D92F852127477700F4B973 /* BillViewController.swift */,
			);
			path = Bill;
			sourceTree = "<group>";
		};
		24419C23210F633600517B5D /* Setup */ = {
			isa = PBXGroup;
			children = (
			);
			path = Setup;
			sourceTree = "<group>";
		};
		24419C24210F633600517B5D /* Dashboard */ = {
			isa = PBXGroup;
			children = (
				24419C26210F633600517B5D /* DashboardViewController.swift */,
				24419C27210F633600517B5D /* DashboardPresenter.swift */,
				24419C25210F633600517B5D /* DashboardInteractor.swift */,
			);
			path = Dashboard;
			sourceTree = "<group>";
		};
		24419C28210F633600517B5D /* EatIn */ = {
			isa = PBXGroup;
			children = (
				24419C29210F633600517B5D /* EatInViewController.swift */,
			);
			path = EatIn;
			sourceTree = "<group>";
		};
		24419C2A210F633600517B5D /* SignIn */ = {
			isa = PBXGroup;
			children = (
				24419C2B210F633600517B5D /* SignInPresenter.swift */,
				24419C2C210F633600517B5D /* SingInInteractor.swift */,
				24419C2D210F633600517B5D /* SignInViewController.swift */,
			);
			path = SignIn;
			sourceTree = "<group>";
		};
		24419C2E210F633600517B5D /* Menu */ = {
			isa = PBXGroup;
			children = (
				24419C7E2111EDC900517B5D /* Views */,
				24419C33210F633600517B5D /* MenuViewController.swift */,
				24419C30210F633600517B5D /* MenuPresenter.swift */,
				24419C31210F633600517B5D /* MenuInteractor.swift */,
				24419C7F2111F06E00517B5D /* MenuImageViewController.swift */,
			);
			path = Menu;
			sourceTree = "<group>";
		};
		24419C34210F633600517B5D /* Base */ = {
			isa = PBXGroup;
			children = (
				24419C35210F633600517B5D /* BaseViewController.swift */,
				24419C37210F633600517B5D /* BasePresenter.swift */,
				24419C36210F633600517B5D /* BaseInteractor.swift */,
				24419C38210F633600517B5D /* BaseTextFieldViewController.swift */,
			);
			path = Base;
			sourceTree = "<group>";
		};
		24419C39210F633600517B5D /* DataModels */ = {
			isa = PBXGroup;
			children = (
				24419C3D210F633600517B5D /* Menu.swift */,
				24419C3B210F633600517B5D /* Order.swift */,
				24419C3C210F633600517B5D /* Bill.swift */,
				24419C3A210F633600517B5D /* Credit.swift */,
			);
			path = DataModels;
			sourceTree = "<group>";
		};
		24419C3E210F633700517B5D /* Common */ = {
			isa = PBXGroup;
			children = (
				24419C3F210F633700517B5D /* Constants.swift */,
				24419C40210F633700517B5D /* StorageManager.swift */,
				24419C41210F633700517B5D /* UtilityManager.swift */,
				24419C42210F633700517B5D /* NetworkManager.swift */,
				24419C43210F633700517B5D /* Extensions */,
			);
			path = Common;
			sourceTree = "<group>";
		};
		24419C43210F633700517B5D /* Extensions */ = {
			isa = PBXGroup;
			children = (
				24419C44210F633700517B5D /* MYLTextField.swift */,
				24419C45210F633700517B5D /* MYLView.swift */,
				24419C46210F633700517B5D /* MYLString.swift */,
				24419C47210F633700517B5D /* MYLTextFieldView.swift */,
				24419C48210F633700517B5D /* MYLColor.swift */,
				24419C49210F633700517B5D /* MYLTextFieldView.xib */,
			);
			path = Extensions;
			sourceTree = "<group>";
		};
		24419C4A210F633700517B5D /* Resouces */ = {
			isa = PBXGroup;
			children = (
				24419C4B210F633700517B5D /* Assets.xcassets */,
				24419C4E210F633700517B5D /* Main.storyboard */,
				24419C4C210F633700517B5D /* LaunchScreen.storyboard */,
				24419C50210F633700517B5D /* MyOrders.xcdatamodeld */,
			);
			path = Resouces;
			sourceTree = "<group>";
		};
		24419C7E2111EDC900517B5D /* Views */ = {
			isa = PBXGroup;
			children = (
				24419C32210F633600517B5D /* MenuCollectionCell.swift */,
				24419C2F210F633600517B5D /* MenuCollectionCell.xib */,
				24419C762110E89100517B5D /* SectionHeader.swift */,
				24419C772110E89100517B5D /* SectionHeader.xib */,
			);
			path = Views;
			sourceTree = "<group>";
		};
		75EF9FA236AD8C98BC9C483F /* Pods */ = {
			isa = PBXGroup;
			children = (
				BD725C4175D35B51940C0AE0 /* Pods-MyOrders.debug.xcconfig */,
				E970EAD61DDE8F7CEF5CC522 /* Pods-MyOrders.release.xcconfig */,
			);
			name = Pods;
			sourceTree = "<group>";
		};
		A803A4EE0E32F8C71CDACAF5 /* Frameworks */ = {
			isa = PBXGroup;
			children = (
				24419CAA211E84D200517B5D /* AudioToolbox.framework */,
				F6F1B91989FD00BAA50CD38B /* Pods_MyOrders.framework */,
			);
			name = Frameworks;
			sourceTree = "<group>";
		};
/* End PBXGroup section */

/* Begin PBXNativeTarget section */
		24419C05210F60E300517B5D /* MyOrders */ = {
			isa = PBXNativeTarget;
			buildConfigurationList = 24419C18210F60E400517B5D /* Build configuration list for PBXNativeTarget "MyOrders" */;
			buildPhases = (
				249CEE7A935C381F6361F455 /* [CP] Check Pods Manifest.lock */,
				24419C02210F60E300517B5D /* Sources */,
				24419C03210F60E300517B5D /* Frameworks */,
				24419C04210F60E300517B5D /* Resources */,
				F1DA81B0EE075E403C70740B /* [CP] Embed Pods Frameworks */,
			);
			buildRules = (
			);
			dependencies = (
			);
			name = MyOrders;
			productName = MyOrders;
			productReference = 24419C06210F60E300517B5D /* MyOrders.app */;
			productType = "com.apple.product-type.application";
		};
/* End PBXNativeTarget section */

/* Begin PBXProject section */
		24419BFE210F60E300517B5D /* Project object */ = {
			isa = PBXProject;
			attributes = {
				LastSwiftUpdateCheck = 0940;
				LastUpgradeCheck = 0940;
				ORGANIZATIONNAME = RBC;
				TargetAttributes = {
					24419C05210F60E300517B5D = {
						CreatedOnToolsVersion = 9.4.1;
					};
				};
			};
			buildConfigurationList = 24419C01210F60E300517B5D /* Build configuration list for PBXProject "MyOrders" */;
			compatibilityVersion = "Xcode 9.3";
			developmentRegion = en;
			hasScannedForEncodings = 0;
			knownRegions = (
				en,
				Base,
			);
			mainGroup = 24419BFD210F60E300517B5D;
			productRefGroup = 24419C07210F60E300517B5D /* Products */;
			projectDirPath = "";
			projectRoot = "";
			targets = (
				24419C05210F60E300517B5D /* MyOrders */,
			);
		};
/* End PBXProject section */

/* Begin PBXResourcesBuildPhase section */
		24419C04210F60E300517B5D /* Resources */ = {
			isa = PBXResourcesBuildPhase;
			buildActionMask = 2147483647;
			files = (
				24419C5B210F633700517B5D /* MenuCollectionCell.xib in Resources */,
				24419C74210F633700517B5D /* Main.storyboard in Resources */,
				24419C792110E89100517B5D /* SectionHeader.xib in Resources */,
				24419C73210F633700517B5D /* LaunchScreen.storyboard in Resources */,
				24419C72210F633700517B5D /* Assets.xcassets in Resources */,
				2417107421227BF6001895E8 /* OrderTableCell.xib in Resources */,
				241710782123158E001895E8 /* OrderHeaderCell.xib in Resources */,
				24419C71210F633700517B5D /* MYLTextFieldView.xib in Resources */,
			);
			runOnlyForDeploymentPostprocessing = 0;
		};
/* End PBXResourcesBuildPhase section */

/* Begin PBXShellScriptBuildPhase section */
		249CEE7A935C381F6361F455 /* [CP] Check Pods Manifest.lock */ = {
			isa = PBXShellScriptBuildPhase;
			buildActionMask = 2147483647;
			files = (
			);
			inputPaths = (
				"${PODS_PODFILE_DIR_PATH}/Podfile.lock",
				"${PODS_ROOT}/Manifest.lock",
			);
			name = "[CP] Check Pods Manifest.lock";
			outputPaths = (
				"$(DERIVED_FILE_DIR)/Pods-MyOrders-checkManifestLockResult.txt",
			);
			runOnlyForDeploymentPostprocessing = 0;
			shellPath = /bin/sh;
			shellScript = "diff \"${PODS_PODFILE_DIR_PATH}/Podfile.lock\" \"${PODS_ROOT}/Manifest.lock\" > /dev/null\nif [ $? != 0 ] ; then\n    # print error to STDERR\n    echo \"error: The sandbox is not in sync with the Podfile.lock. Run 'pod install' or update your CocoaPods installation.\" >&2\n    exit 1\nfi\n# This output is used by Xcode 'outputs' to avoid re-running this script phase.\necho \"SUCCESS\" > \"${SCRIPT_OUTPUT_FILE_0}\"\n";
			showEnvVarsInLog = 0;
		};
		F1DA81B0EE075E403C70740B /* [CP] Embed Pods Frameworks */ = {
			isa = PBXShellScriptBuildPhase;
			buildActionMask = 2147483647;
			files = (
			);
			inputPaths = (
				"${SRCROOT}/../Pods/Target Support Files/Pods-MyOrders/Pods-MyOrders-frameworks.sh",
				"${BUILT_PRODUCTS_DIR}/Alamofire/Alamofire.framework",
				"${BUILT_PRODUCTS_DIR}/SDWebImage/SDWebImage.framework",
				"${BUILT_PRODUCTS_DIR}/SWXMLHash/SWXMLHash.framework",
				"${BUILT_PRODUCTS_DIR}/SwiftyJSON/SwiftyJSON.framework",
				"${BUILT_PRODUCTS_DIR}/TTGSnackbar/TTGSnackbar.framework",
			);
			name = "[CP] Embed Pods Frameworks";
			outputPaths = (
				"${TARGET_BUILD_DIR}/${FRAMEWORKS_FOLDER_PATH}/Alamofire.framework",
				"${TARGET_BUILD_DIR}/${FRAMEWORKS_FOLDER_PATH}/SDWebImage.framework",
				"${TARGET_BUILD_DIR}/${FRAMEWORKS_FOLDER_PATH}/SWXMLHash.framework",
				"${TARGET_BUILD_DIR}/${FRAMEWORKS_FOLDER_PATH}/SwiftyJSON.framework",
				"${TARGET_BUILD_DIR}/${FRAMEWORKS_FOLDER_PATH}/TTGSnackbar.framework",
			);
			runOnlyForDeploymentPostprocessing = 0;
			shellPath = /bin/sh;
			shellScript = "\"${SRCROOT}/../Pods/Target Support Files/Pods-MyOrders/Pods-MyOrders-frameworks.sh\"\n";
			showEnvVarsInLog = 0;
		};
/* End PBXShellScriptBuildPhase section */

/* Begin PBXSourcesBuildPhase section */
		24419C02210F60E300517B5D /* Sources */ = {
			isa = PBXSourcesBuildPhase;
			buildActionMask = 2147483647;
			files = (
				24419C59210F633700517B5D /* SingInInteractor.swift in Sources */,
				24419C6D210F633700517B5D /* MYLView.swift in Sources */,
				24419C75210F633700517B5D /* MyOrders.xcdatamodeld in Sources */,
				24419C58210F633700517B5D /* SignInPresenter.swift in Sources */,
				24419C65210F633700517B5D /* Order.swift in Sources */,
				24419C802111F06E00517B5D /* MenuImageViewController.swift in Sources */,
				24419C6A210F633700517B5D /* UtilityManager.swift in Sources */,
				24419C64210F633700517B5D /* Credit.swift in Sources */,
				2417107321227BF6001895E8 /* OrderTableCell.swift in Sources */,
				24419C66210F633700517B5D /* Bill.swift in Sources */,
				24419C782110E89100517B5D /* SectionHeader.swift in Sources */,
				2417106B2122118D001895E8 /* OrdersViewController.swift in Sources */,
				24419C52210F633700517B5D /* MenuServices.swift in Sources */,
				24419C68210F633700517B5D /* Constants.swift in Sources */,
				241710772123158E001895E8 /* OrderHeaderCell.swift in Sources */,
				24419C5F210F633700517B5D /* MenuViewController.swift in Sources */,
				24419C70210F633700517B5D /* MYLColor.swift in Sources */,
				24419C5D210F633700517B5D /* MenuInteractor.swift in Sources */,
				24419C6E210F633700517B5D /* MYLString.swift in Sources */,
				24419C61210F633700517B5D /* BaseInteractor.swift in Sources */,
				24419C6F210F633700517B5D /* MYLTextFieldView.swift in Sources */,
				24419C60210F633700517B5D /* BaseViewController.swift in Sources */,
				24419C6C210F633700517B5D /* MYLTextField.swift in Sources */,
				24419C5E210F633700517B5D /* MenuCollectionCell.swift in Sources */,
				24419C5C210F633700517B5D /* MenuPresenter.swift in Sources */,
				2417106F21221DE4001895E8 /* OrdersInteractor.swift in Sources */,
				2417106D21221DCD001895E8 /* OrdersPresenter.swift in Sources */,
				24419C0A210F60E300517B5D /* AppDelegate.swift in Sources */,
				24419C57210F633700517B5D /* EatInViewController.swift in Sources */,
				24419C6B210F633700517B5D /* NetworkManager.swift in Sources */,
				24419C69210F633700517B5D /* StorageManager.swift in Sources */,
				24419C55210F633700517B5D /* DashboardViewController.swift in Sources */,
				24419C53210F633700517B5D /* BaseServices.swift in Sources */,
				24419C67210F633700517B5D /* Menu.swift in Sources */,
				24419C62210F633700517B5D /* BasePresenter.swift in Sources */,
				24419C54210F633700517B5D /* DashboardInteractor.swift in Sources */,
				24419C5A210F633700517B5D /* SignInViewController.swift in Sources */,
				24D92F862127477700F4B973 /* BillViewController.swift in Sources */,
				24419C56210F633700517B5D /* DashboardPresenter.swift in Sources */,
				24419C63210F633700517B5D /* BaseTextFieldViewController.swift in Sources */,
			);
			runOnlyForDeploymentPostprocessing = 0;
		};
/* End PBXSourcesBuildPhase section */

/* Begin PBXVariantGroup section */
		24419C4C210F633700517B5D /* LaunchScreen.storyboard */ = {
			isa = PBXVariantGroup;
			children = (
				24419C4D210F633700517B5D /* Base */,
			);
			name = LaunchScreen.storyboard;
			sourceTree = "<group>";
		};
		24419C4E210F633700517B5D /* Main.storyboard */ = {
			isa = PBXVariantGroup;
			children = (
				24419C4F210F633700517B5D /* Base */,
			);
			name = Main.storyboard;
			sourceTree = "<group>";
		};
/* End PBXVariantGroup section */

/* Begin XCBuildConfiguration section */
		24419C16210F60E400517B5D /* Debug */ = {
			isa = XCBuildConfiguration;
			buildSettings = {
				ALWAYS_SEARCH_USER_PATHS = NO;
				CLANG_ANALYZER_NONNULL = YES;
				CLANG_ANALYZER_NUMBER_OBJECT_CONVERSION = YES_AGGRESSIVE;
				CLANG_CXX_LANGUAGE_STANDARD = "gnu++14";
				CLANG_CXX_LIBRARY = "libc++";
				CLANG_ENABLE_MODULES = YES;
				CLANG_ENABLE_OBJC_ARC = YES;
				CLANG_ENABLE_OBJC_WEAK = YES;
				CLANG_WARN_BLOCK_CAPTURE_AUTORELEASING = YES;
				CLANG_WARN_BOOL_CONVERSION = YES;
				CLANG_WARN_COMMA = YES;
				CLANG_WARN_CONSTANT_CONVERSION = YES;
				CLANG_WARN_DEPRECATED_OBJC_IMPLEMENTATIONS = YES;
				CLANG_WARN_DIRECT_OBJC_ISA_USAGE = YES_ERROR;
				CLANG_WARN_DOCUMENTATION_COMMENTS = YES;
				CLANG_WARN_EMPTY_BODY = YES;
				CLANG_WARN_ENUM_CONVERSION = YES;
				CLANG_WARN_INFINITE_RECURSION = YES;
				CLANG_WARN_INT_CONVERSION = YES;
				CLANG_WARN_NON_LITERAL_NULL_CONVERSION = YES;
				CLANG_WARN_OBJC_IMPLICIT_RETAIN_SELF = YES;
				CLANG_WARN_OBJC_LITERAL_CONVERSION = YES;
				CLANG_WARN_OBJC_ROOT_CLASS = YES_ERROR;
				CLANG_WARN_RANGE_LOOP_ANALYSIS = YES;
				CLANG_WARN_STRICT_PROTOTYPES = YES;
				CLANG_WARN_SUSPICIOUS_MOVE = YES;
				CLANG_WARN_UNGUARDED_AVAILABILITY = YES_AGGRESSIVE;
				CLANG_WARN_UNREACHABLE_CODE = YES;
				CLANG_WARN__DUPLICATE_METHOD_MATCH = YES;
				CODE_SIGN_IDENTITY = "iPhone Developer";
				COPY_PHASE_STRIP = NO;
				DEBUG_INFORMATION_FORMAT = dwarf;
				ENABLE_STRICT_OBJC_MSGSEND = YES;
				ENABLE_TESTABILITY = YES;
				GCC_C_LANGUAGE_STANDARD = gnu11;
				GCC_DYNAMIC_NO_PIC = NO;
				GCC_NO_COMMON_BLOCKS = YES;
				GCC_OPTIMIZATION_LEVEL = 0;
				GCC_PREPROCESSOR_DEFINITIONS = (
					"DEBUG=1",
					"$(inherited)",
				);
				GCC_WARN_64_TO_32_BIT_CONVERSION = YES;
				GCC_WARN_ABOUT_RETURN_TYPE = YES_ERROR;
				GCC_WARN_UNDECLARED_SELECTOR = YES;
				GCC_WARN_UNINITIALIZED_AUTOS = YES_AGGRESSIVE;
				GCC_WARN_UNUSED_FUNCTION = YES;
				GCC_WARN_UNUSED_VARIABLE = YES;
				IPHONEOS_DEPLOYMENT_TARGET = 10.0;
				MTL_ENABLE_DEBUG_INFO = YES;
				ONLY_ACTIVE_ARCH = YES;
				SDKROOT = iphoneos;
				SWIFT_ACTIVE_COMPILATION_CONDITIONS = DEBUG;
				SWIFT_OPTIMIZATION_LEVEL = "-Onone";
			};
			name = Debug;
		};
		24419C17210F60E400517B5D /* Release */ = {
			isa = XCBuildConfiguration;
			buildSettings = {
				ALWAYS_SEARCH_USER_PATHS = NO;
				CLANG_ANALYZER_NONNULL = YES;
				CLANG_ANALYZER_NUMBER_OBJECT_CONVERSION = YES_AGGRESSIVE;
				CLANG_CXX_LANGUAGE_STANDARD = "gnu++14";
				CLANG_CXX_LIBRARY = "libc++";
				CLANG_ENABLE_MODULES = YES;
				CLANG_ENABLE_OBJC_ARC = YES;
				CLANG_ENABLE_OBJC_WEAK = YES;
				CLANG_WARN_BLOCK_CAPTURE_AUTORELEASING = YES;
				CLANG_WARN_BOOL_CONVERSION = YES;
				CLANG_WARN_COMMA = YES;
				CLANG_WARN_CONSTANT_CONVERSION = YES;
				CLANG_WARN_DEPRECATED_OBJC_IMPLEMENTATIONS = YES;
				CLANG_WARN_DIRECT_OBJC_ISA_USAGE = YES_ERROR;
				CLANG_WARN_DOCUMENTATION_COMMENTS = YES;
				CLANG_WARN_EMPTY_BODY = YES;
				CLANG_WARN_ENUM_CONVERSION = YES;
				CLANG_WARN_INFINITE_RECURSION = YES;
				CLANG_WARN_INT_CONVERSION = YES;
				CLANG_WARN_NON_LITERAL_NULL_CONVERSION = YES;
				CLANG_WARN_OBJC_IMPLICIT_RETAIN_SELF = YES;
				CLANG_WARN_OBJC_LITERAL_CONVERSION = YES;
				CLANG_WARN_OBJC_ROOT_CLASS = YES_ERROR;
				CLANG_WARN_RANGE_LOOP_ANALYSIS = YES;
				CLANG_WARN_STRICT_PROTOTYPES = YES;
				CLANG_WARN_SUSPICIOUS_MOVE = YES;
				CLANG_WARN_UNGUARDED_AVAILABILITY = YES_AGGRESSIVE;
				CLANG_WARN_UNREACHABLE_CODE = YES;
				CLANG_WARN__DUPLICATE_METHOD_MATCH = YES;
				CODE_SIGN_IDENTITY = "iPhone Developer";
				COPY_PHASE_STRIP = NO;
				DEBUG_INFORMATION_FORMAT = "dwarf-with-dsym";
				ENABLE_NS_ASSERTIONS = NO;
				ENABLE_STRICT_OBJC_MSGSEND = YES;
				GCC_C_LANGUAGE_STANDARD = gnu11;
				GCC_NO_COMMON_BLOCKS = YES;
				GCC_WARN_64_TO_32_BIT_CONVERSION = YES;
				GCC_WARN_ABOUT_RETURN_TYPE = YES_ERROR;
				GCC_WARN_UNDECLARED_SELECTOR = YES;
				GCC_WARN_UNINITIALIZED_AUTOS = YES_AGGRESSIVE;
				GCC_WARN_UNUSED_FUNCTION = YES;
				GCC_WARN_UNUSED_VARIABLE = YES;
				IPHONEOS_DEPLOYMENT_TARGET = 10.0;
				MTL_ENABLE_DEBUG_INFO = NO;
				SDKROOT = iphoneos;
				SWIFT_COMPILATION_MODE = wholemodule;
				SWIFT_OPTIMIZATION_LEVEL = "-O";
				VALIDATE_PRODUCT = YES;
			};
			name = Release;
		};
		24419C19210F60E400517B5D /* Debug */ = {
			isa = XCBuildConfiguration;
			baseConfigurationReference = BD725C4175D35B51940C0AE0 /* Pods-MyOrders.debug.xcconfig */;
			buildSettings = {
				ASSETCATALOG_COMPILER_APPICON_NAME = AppIcon;
				CODE_SIGN_STYLE = Automatic;
				DEVELOPMENT_TEAM = DDVTVFRM85;
				INFOPLIST_FILE = MyOrders/Info.plist;
				LD_RUNPATH_SEARCH_PATHS = (
					"$(inherited)",
					"@executable_path/Frameworks",
				);
				PRODUCT_BUNDLE_IDENTIFIER = com.myorders.test.MyOrders;
				PRODUCT_NAME = "$(TARGET_NAME)";
				SWIFT_VERSION = 4.0;
				TARGETED_DEVICE_FAMILY = 2;
			};
			name = Debug;
		};
		24419C1A210F60E400517B5D /* Release */ = {
			isa = XCBuildConfiguration;
			baseConfigurationReference = E970EAD61DDE8F7CEF5CC522 /* Pods-MyOrders.release.xcconfig */;
			buildSettings = {
				ASSETCATALOG_COMPILER_APPICON_NAME = AppIcon;
				CODE_SIGN_STYLE = Automatic;
				DEVELOPMENT_TEAM = DDVTVFRM85;
				INFOPLIST_FILE = MyOrders/Info.plist;
				LD_RUNPATH_SEARCH_PATHS = (
					"$(inherited)",
					"@executable_path/Frameworks",
				);
				PRODUCT_BUNDLE_IDENTIFIER = com.myorders.test.MyOrders;
				PRODUCT_NAME = "$(TARGET_NAME)";
				SWIFT_VERSION = 4.0;
				TARGETED_DEVICE_FAMILY = 2;
			};
			name = Release;
		};
/* End XCBuildConfiguration section */

/* Begin XCConfigurationList section */
		24419C01210F60E300517B5D /* Build configuration list for PBXProject "MyOrders" */ = {
			isa = XCConfigurationList;
			buildConfigurations = (
				24419C16210F60E400517B5D /* Debug */,
				24419C17210F60E400517B5D /* Release */,
			);
			defaultConfigurationIsVisible = 0;
			defaultConfigurationName = Release;
		};
		24419C18210F60E400517B5D /* Build configuration list for PBXNativeTarget "MyOrders" */ = {
			isa = XCConfigurationList;
			buildConfigurations = (
				24419C19210F60E400517B5D /* Debug */,
				24419C1A210F60E400517B5D /* Release */,
			);
			defaultConfigurationIsVisible = 0;
			defaultConfigurationName = Release;
		};
/* End XCConfigurationList section */

/* Begin XCVersionGroup section */
		24419C50210F633700517B5D /* MyOrders.xcdatamodeld */ = {
			isa = XCVersionGroup;
			children = (
				24419C51210F633700517B5D /* MyOrders.xcdatamodel */,
			);
			currentVersion = 24419C51210F633700517B5D /* MyOrders.xcdatamodel */;
			path = MyOrders.xcdatamodeld;
			sourceTree = "<group>";
			versionGroupType = wrapper.xcdatamodel;
		};
/* End XCVersionGroup section */
	};
	rootObject = 24419BFE210F60E300517B5D /* Project object */;
}
